
Microsoft Visual Studio Solution File, Format Version 12.00
Project("{FAE04EC0-301F-11D3-BF4B-00C04F79EFBC}") = "TitleCase.Tests", "TitleCase.Tests\TitleCase.Tests.csproj", "{ECF74DE9-15A9-4FB0-96CC-87E9A5308B4D}"
EndProject
Project("{FAE04EC0-301F-11D3-BF4B-00C04F79EFBC}") = "TitleCase", "TitleCase\TitleCase.csproj", "{757FFC7E-E876-43E7-BD91-B3779A7624B8}"
EndProject
Global
	GlobalSection(SolutionConfigurationPlatforms) = preSolution
		Debug|Any CPU = Debug|Any CPU
		Release|Any CPU = Release|Any CPU
	EndGlobalSection
	GlobalSection(ProjectConfigurationPlatforms) = postSolution
		{ECF74DE9-15A9-4FB0-96CC-87E9A5308B4D}.Debug|Any CPU.ActiveCfg = Debug|Any CPU
		{ECF74DE9-15A9-4FB0-96CC-87E9A5308B4D}.Debug|Any CPU.Build.0 = Debug|Any CPU
		{ECF74DE9-15A9-4FB0-96CC-87E9A5308B4D}.Release|Any CPU.ActiveCfg = Release|Any CPU
		{ECF74DE9-15A9-4FB0-96CC-87E9A5308B4D}.Release|Any CPU.Build.0 = Release|Any CPU
		{757FFC7E-E876-43E7-BD91-B3779A7624B8}.Debug|Any CPU.ActiveCfg = Debug|Any CPU
		{757FFC7E-E876-43E7-BD91-B3779A7624B8}.Debug|Any CPU.Build.0 = Debug|Any CPU
		{757FFC7E-E876-43E7-BD91-B3779A7624B8}.Release|Any CPU.ActiveCfg = Release|Any CPU
		{757FFC7E-E876-43E7-BD91-B3779A7624B8}.Release|Any CPU.Build.0 = Release|Any CPU
	EndGlobalSection
EndGlobal
